
Microsoft Visual Studio Solution File, Format Version 12.00
# Visual Studio Version 17
VisualStudioVersion = 17.0.31717.71
MinimumVisualStudioVersion = 10.0.40219.1
Project("{9A19103F-16F7-4668-BE54-9A1E7A4F7556}") = "TanksRebirth", "TanksRebirth.csproj", "{FABEBD2F-4DF3-41F7-804C-00CD771E35E7}"
EndProject
Project("{2150E333-8FDC-42A3-9474-1A3956D46DE8}") = "Solution Items", "Solution Items", "{7CEB637B-83EE-483B-8668-44A644A2290C}"
	ProjectSection(SolutionItems) = preProject
		.editorconfig = .editorconfig
	EndProjectSection
EndProject
Project("{2150E333-8FDC-42A3-9474-1A3956D46DE8}") = "Tests", "Tests", "{F82F573E-8D5A-4461-80A3-56AA834B0B29}"
EndProject
Project("{FAE04EC0-301F-11D3-BF4B-00C04F79EFBC}") = "TanksRebirth.Tests", "Tests\TanksRebirth.Tests\TanksRebirth.Tests.csproj", "{44ED7B77-1C84-4EE8-AEE5-F0FD47778EDF}"
EndProject
Global
	GlobalSection(SolutionConfigurationPlatforms) = preSolution
		Debug|Any CPU = Debug|Any CPU
		Release|Any CPU = Release|Any CPU
	EndGlobalSection
	GlobalSection(ProjectConfigurationPlatforms) = postSolution
		{FABEBD2F-4DF3-41F7-804C-00CD771E35E7}.Debug|Any CPU.ActiveCfg = Debug|Any CPU
		{FABEBD2F-4DF3-41F7-804C-00CD771E35E7}.Debug|Any CPU.Build.0 = Debug|Any CPU
		{FABEBD2F-4DF3-41F7-804C-00CD771E35E7}.Release|Any CPU.ActiveCfg = Release|Any CPU
		{FABEBD2F-4DF3-41F7-804C-00CD771E35E7}.Release|Any CPU.Build.0 = Release|Any CPU
		{44ED7B77-1C84-4EE8-AEE5-F0FD47778EDF}.Debug|Any CPU.ActiveCfg = Debug|Any CPU
		{44ED7B77-1C84-4EE8-AEE5-F0FD47778EDF}.Debug|Any CPU.Build.0 = Debug|Any CPU
		{44ED7B77-1C84-4EE8-AEE5-F0FD47778EDF}.Release|Any CPU.ActiveCfg = Release|Any CPU
		{44ED7B77-1C84-4EE8-AEE5-F0FD47778EDF}.Release|Any CPU.Build.0 = Release|Any CPU
	EndGlobalSection
	GlobalSection(SolutionProperties) = preSolution
		HideSolutionNode = FALSE
	EndGlobalSection
	GlobalSection(ExtensibilityGlobals) = postSolution
		SolutionGuid = {A5B64E3A-2E8A-4AC3-BA73-322C4F4FF9B6}
	EndGlobalSection
	GlobalSection(NestedProjects) = preSolution
		{44ED7B77-1C84-4EE8-AEE5-F0FD47778EDF} = {F82F573E-8D5A-4461-80A3-56AA834B0B29}
	EndGlobalSection
EndGlobal
