
Microsoft Visual Studio Solution File, Format Version 12.00
# Visual Studio Version 17
VisualStudioVersion = 17.0.31717.71
MinimumVisualStudioVersion = 10.0.40219.1
Project("{9A19103F-16F7-4668-BE54-9A1E7A4F7556}") = "WiiPlayTanksRemake", "WiiPlayTanksRemake.csproj", "{FABEBD2F-4DF3-41F7-804C-00CD771E35E7}"
EndProject
Global
	GlobalSection(SolutionConfigurationPlatforms) = preSolution
		Debug|Any CPU = Debug|Any CPU
		Release|Any CPU = Release|Any CPU
	EndGlobalSection
	GlobalSection(ProjectConfigurationPlatforms) = postSolution
		{FABEBD2F-4DF3-41F7-804C-00CD771E35E7}.Debug|Any CPU.ActiveCfg = Debug|Any CPU
		{FABEBD2F-4DF3-41F7-804C-00CD771E35E7}.Debug|Any CPU.Build.0 = Debug|Any CPU
		{FABEBD2F-4DF3-41F7-804C-00CD771E35E7}.Release|Any CPU.ActiveCfg = Release|Any CPU
		{FABEBD2F-4DF3-41F7-804C-00CD771E35E7}.Release|Any CPU.Build.0 = Release|Any CPU
	EndGlobalSection
	GlobalSection(SolutionProperties) = preSolution
		HideSolutionNode = FALSE
	EndGlobalSection
	GlobalSection(ExtensibilityGlobals) = postSolution
		SolutionGuid = {A5B64E3A-2E8A-4AC3-BA73-322C4F4FF9B6}
	EndGlobalSection
EndGlobal
